
Microsoft Visual Studio Solution File, Format Version 12.00
# Visual Studio Version 17
VisualStudioVersion = 17.5.33530.505
MinimumVisualStudioVersion = 10.0.40219.1
Project("{FAE04EC0-301F-11D3-BF4B-00C04F79EFBC}") = "GITPracticeVScorrect", "GITPracticeVScorrect\GITPracticeVScorrect.csproj", "{1916CB43-1C92-4294-9B37-C1F590170718}"
EndProject
Global
	GlobalSection(SolutionConfigurationPlatforms) = preSolution
		Debug|Any CPU = Debug|Any CPU
		Release|Any CPU = Release|Any CPU
	EndGlobalSection
	GlobalSection(ProjectConfigurationPlatforms) = postSolution
		{1916CB43-1C92-4294-9B37-C1F590170718}.Debug|Any CPU.ActiveCfg = Debug|Any CPU
		{1916CB43-1C92-4294-9B37-C1F590170718}.Debug|Any CPU.Build.0 = Debug|Any CPU
		{1916CB43-1C92-4294-9B37-C1F590170718}.Release|Any CPU.ActiveCfg = Release|Any CPU
		{1916CB43-1C92-4294-9B37-C1F590170718}.Release|Any CPU.Build.0 = Release|Any CPU
	EndGlobalSection
	GlobalSection(SolutionProperties) = preSolution
		HideSolutionNode = FALSE
	EndGlobalSection
	GlobalSection(ExtensibilityGlobals) = postSolution
		SolutionGuid = {0368740D-DD7D-44B4-878D-CF624929AB22}
	EndGlobalSection
EndGlobal
